// !$*UTF8*$!
{
	archiveVersion = 1;
	classes = {
	};
	objectVersion = 46;
	objects = {

/* Begin PBXBuildFile section */
		17C885A31E03DCD300D74E89 /* AppDelegate.swift in Sources */ = {isa = PBXBuildFile; fileRef = 17C885A21E03DCD300D74E89 /* AppDelegate.swift */; };
		17C885A51E03DCD300D74E89 /* ViewController.swift in Sources */ = {isa = PBXBuildFile; fileRef = 17C885A41E03DCD300D74E89 /* ViewController.swift */; };
		17C885A81E03DCD300D74E89 /* Main.storyboard in Resources */ = {isa = PBXBuildFile; fileRef = 17C885A61E03DCD300D74E89 /* Main.storyboard */; };
		17C885AA1E03DCD300D74E89 /* Assets.xcassets in Resources */ = {isa = PBXBuildFile; fileRef = 17C885A91E03DCD300D74E89 /* Assets.xcassets */; };
		17C885AD1E03DCD400D74E89 /* LaunchScreen.storyboard in Resources */ = {isa = PBXBuildFile; fileRef = 17C885AB1E03DCD400D74E89 /* LaunchScreen.storyboard */; };
		17C885B51E03E57900D74E89 /* GoogleService-Info.plist in Resources */ = {isa = PBXBuildFile; fileRef = 17C885B41E03E57900D74E89 /* GoogleService-Info.plist */; };
		545653CCCCF9140D6B09AB72 /* Pods_googleLoginSwift.framework in Frameworks */ = {isa = PBXBuildFile; fileRef = BB97CA2250B72122FBE8A7BA /* Pods_googleLoginSwift.framework */; };
/* End PBXBuildFile section */

/* Begin PBXFileReference section */
		17C8859F1E03DCD300D74E89 /* googleLoginSwift.app */ = {isa = PBXFileReference; explicitFileType = wrapper.application; includeInIndex = 0; path = googleLoginSwift.app; sourceTree = BUILT_PRODUCTS_DIR; };
		17C885A21E03DCD300D74E89 /* AppDelegate.swift */ = {isa = PBXFileReference; lastKnownFileType = sourcecode.swift; path = AppDelegate.swift; sourceTree = "<group>"; };
		17C885A41E03DCD300D74E89 /* ViewController.swift */ = {isa = PBXFileReference; lastKnownFileType = sourcecode.swift; path = ViewController.swift; sourceTree = "<group>"; };
		17C885A71E03DCD300D74E89 /* Base */ = {isa = PBXFileReference; lastKnownFileType = file.storyboard; name = Base; path = Base.lproj/Main.storyboard; sourceTree = "<group>"; };
		17C885A91E03DCD300D74E89 /* Assets.xcassets */ = {isa = PBXFileReference; lastKnownFileType = folder.assetcatalog; path = Assets.xcassets; sourceTree = "<group>"; };
		17C885AC1E03DCD400D74E89 /* Base */ = {isa = PBXFileReference; lastKnownFileType = file.storyboard; name = Base; path = Base.lproj/LaunchScreen.storyboard; sourceTree = "<group>"; };
		17C885AE1E03DCD400D74E89 /* Info.plist */ = {isa = PBXFileReference; lastKnownFileType = text.plist.xml; path = Info.plist; sourceTree = "<group>"; };
		17C885B41E03E57900D74E89 /* GoogleService-Info.plist */ = {isa = PBXFileReference; fileEncoding = 4; lastKnownFileType = text.plist.xml; path = "GoogleService-Info.plist"; sourceTree = "<group>"; };
		3C7375A4AD709A82D946ECB6 /* Pods-googleLoginSwift.release.xcconfig */ = {isa = PBXFileReference; includeInIndex = 1; lastKnownFileType = text.xcconfig; name = "Pods-googleLoginSwift.release.xcconfig"; path = "Pods/Target Support Files/Pods-googleLoginSwift/Pods-googleLoginSwift.release.xcconfig"; sourceTree = "<group>"; };
		BB97CA2250B72122FBE8A7BA /* Pods_googleLoginSwift.framework */ = {isa = PBXFileReference; explicitFileType = wrapper.framework; includeInIndex = 0; path = Pods_googleLoginSwift.framework; sourceTree = BUILT_PRODUCTS_DIR; };
		E1B1FA6577B95F6FDA9615E5 /* Pods-googleLoginSwift.debug.xcconfig */ = {isa = PBXFileReference; includeInIndex = 1; lastKnownFileType = text.xcconfig; name = "Pods-googleLoginSwift.debug.xcconfig"; path = "Pods/Target Support Files/Pods-googleLoginSwift/Pods-googleLoginSwift.debug.xcconfig"; sourceTree = "<group>"; };
/* End PBXFileReference section */

/* Begin PBXFrameworksBuildPhase section */
		17C8859C1E03DCD300D74E89 /* Frameworks */ = {
			isa = PBXFrameworksBuildPhase;
			buildActionMask = 2147483647;
			files = (
				545653CCCCF9140D6B09AB72 /* Pods_googleLoginSwift.framework in Frameworks */,
			);
			runOnlyForDeploymentPostprocessing = 0;
		};
/* End PBXFrameworksBuildPhase section */

/* Begin PBXGroup section */
		17C885961E03DCD300D74E89 = {
			isa = PBXGroup;
			children = (
				17C885B41E03E57900D74E89 /* GoogleService-Info.plist */,
				17C885A11E03DCD300D74E89 /* googleLoginSwift */,
				17C885A01E03DCD300D74E89 /* Products */,
				35606B23CA34D2A66C720529 /* Pods */,
				C5F44EB33C92AF766E47D13E /* Frameworks */,
			);
			sourceTree = "<group>";
		};
		17C885A01E03DCD300D74E89 /* Products */ = {
			isa = PBXGroup;
			children = (
				17C8859F1E03DCD300D74E89 /* googleLoginSwift.app */,
			);
			name = Products;
			sourceTree = "<group>";
		};
		17C885A11E03DCD300D74E89 /* googleLoginSwift */ = {
			isa = PBXGroup;
			children = (
				17C885A21E03DCD300D74E89 /* AppDelegate.swift */,
				17C885A41E03DCD300D74E89 /* ViewController.swift */,
				17C885A61E03DCD300D74E89 /* Main.storyboard */,
				17C885A91E03DCD300D74E89 /* Assets.xcassets */,
				17C885AB1E03DCD400D74E89 /* LaunchScreen.storyboard */,
				17C885AE1E03DCD400D74E89 /* Info.plist */,
			);
			path = googleLoginSwift;
			sourceTree = "<group>";
		};
		35606B23CA34D2A66C720529 /* Pods */ = {
			isa = PBXGroup;
			children = (
				E1B1FA6577B95F6FDA9615E5 /* Pods-googleLoginSwift.debug.xcconfig */,
				3C7375A4AD709A82D946ECB6 /* Pods-googleLoginSwift.release.xcconfig */,
			);
			name = Pods;
			sourceTree = "<group>";
		};
		C5F44EB33C92AF766E47D13E /* Frameworks */ = {
			isa = PBXGroup;
			children = (
				BB97CA2250B72122FBE8A7BA /* Pods_googleLoginSwift.framework */,
			);
			name = Frameworks;
			sourceTree = "<group>";
		};
/* End PBXGroup section */

/* Begin PBXNativeTarget section */
		17C8859E1E03DCD300D74E89 /* googleLoginSwift */ = {
			isa = PBXNativeTarget;
			buildConfigurationList = 17C885B11E03DCD400D74E89 /* Build configuration list for PBXNativeTarget "googleLoginSwift" */;
			buildPhases = (
				3BBFE08DD7C93E65AC5A3464 /* [CP] Check Pods Manifest.lock */,
				17C8859B1E03DCD300D74E89 /* Sources */,
				17C8859C1E03DCD300D74E89 /* Frameworks */,
				17C8859D1E03DCD300D74E89 /* Resources */,
				F397870E655AAFBBFE742669 /* [CP] Embed Pods Frameworks */,
				21CA8548F0112E849FDE0BC0 /* [CP] Copy Pods Resources */,
			);
			buildRules = (
			);
			dependencies = (
			);
			name = googleLoginSwift;
			productName = googleLoginSwift;
			productReference = 17C8859F1E03DCD300D74E89 /* googleLoginSwift.app */;
			productType = "com.apple.product-type.application";
		};
/* End PBXNativeTarget section */

/* Begin PBXProject section */
		17C885971E03DCD300D74E89 /* Project object */ = {
			isa = PBXProject;
			attributes = {
				LastSwiftUpdateCheck = 0810;
				LastUpgradeCheck = 0810;
				ORGANIZATIONNAME = Priyal;
				TargetAttributes = {
					17C8859E1E03DCD300D74E89 = {
						CreatedOnToolsVersion = 8.1;
						ProvisioningStyle = Automatic;
					};
				};
			};
			buildConfigurationList = 17C8859A1E03DCD300D74E89 /* Build configuration list for PBXProject "googleLoginSwift" */;
			compatibilityVersion = "Xcode 3.2";
			developmentRegion = English;
			hasScannedForEncodings = 0;
			knownRegions = (
				en,
				Base,
			);
			mainGroup = 17C885961E03DCD300D74E89;
			productRefGroup = 17C885A01E03DCD300D74E89 /* Products */;
			projectDirPath = "";
			projectRoot = "";
			targets = (
				17C8859E1E03DCD300D74E89 /* googleLoginSwift */,
			);
		};
/* End PBXProject section */

/* Begin PBXResourcesBuildPhase section */
		17C8859D1E03DCD300D74E89 /* Resources */ = {
			isa = PBXResourcesBuildPhase;
			buildActionMask = 2147483647;
			files = (
				17C885AD1E03DCD400D74E89 /* LaunchScreen.storyboard in Resources */,
				17C885B51E03E57900D74E89 /* GoogleService-Info.plist in Resources */,
				17C885AA1E03DCD300D74E89 /* Assets.xcassets in Resources */,
				17C885A81E03DCD300D74E89 /* Main.storyboard in Resources */,
			);
			runOnlyForDeploymentPostprocessing = 0;
		};
/* End PBXResourcesBuildPhase section */

/* Begin PBXShellScriptBuildPhase section */
		21CA8548F0112E849FDE0BC0 /* [CP] Copy Pods Resources */ = {
			isa = PBXShellScriptBuildPhase;
			buildActionMask = 2147483647;
			files = (
			);
			inputPaths = (
			);
			name = "[CP] Copy Pods Resources";
			outputPaths = (
			);
			runOnlyForDeploymentPostprocessing = 0;
			shellPath = /bin/sh;
			shellScript = "\"${SRCROOT}/Pods/Target Support Files/Pods-googleLoginSwift/Pods-googleLoginSwift-resources.sh\"\n";
			showEnvVarsInLog = 0;
		};
		3BBFE08DD7C93E65AC5A3464 /* [CP] Check Pods Manifest.lock */ = {
			isa = PBXShellScriptBuildPhase;
			buildActionMask = 2147483647;
			files = (
			);
			inputPaths = (
			);
			name = "[CP] Check Pods Manifest.lock";
			outputPaths = (
			);
			runOnlyForDeploymentPostprocessing = 0;
			shellPath = /bin/sh;
			shellScript = "diff \"${PODS_ROOT}/../Podfile.lock\" \"${PODS_ROOT}/Manifest.lock\" > /dev/null\nif [ $? != 0 ] ; then\n    # print error to STDERR\n    echo \"error: The sandbox is not in sync with the Podfile.lock. Run 'pod install' or update your CocoaPods installation.\" >&2\n    exit 1\nfi\n";
			showEnvVarsInLog = 0;
		};
		F397870E655AAFBBFE742669 /* [CP] Embed Pods Frameworks */ = {
			isa = PBXShellScriptBuildPhase;
			buildActionMask = 2147483647;
			files = (
			);
			inputPaths = (
			);
			name = "[CP] Embed Pods Frameworks";
			outputPaths = (
			);
			runOnlyForDeploymentPostprocessing = 0;
			shellPath = /bin/sh;
			shellScript = "\"${SRCROOT}/Pods/Target Support Files/Pods-googleLoginSwift/Pods-googleLoginSwift-frameworks.sh\"\n";
			showEnvVarsInLog = 0;
		};
/* End PBXShellScriptBuildPhase section */

/* Begin PBXSourcesBuildPhase section */
		17C8859B1E03DCD300D74E89 /* Sources */ = {
			isa = PBXSourcesBuildPhase;
			buildActionMask = 2147483647;
			files = (
				17C885A51E03DCD300D74E89 /* ViewController.swift in Sources */,
				17C885A31E03DCD300D74E89 /* AppDelegate.swift in Sources */,
			);
			runOnlyForDeploymentPostprocessing = 0;
		};
/* End PBXSourcesBuildPhase section */

/* Begin PBXVariantGroup section */
		17C885A61E03DCD300D74E89 /* Main.storyboard */ = {
			isa = PBXVariantGroup;
			children = (
				17C885A71E03DCD300D74E89 /* Base */,
			);
			name = Main.storyboard;
			sourceTree = "<group>";
		};
		17C885AB1E03DCD400D74E89 /* LaunchScreen.storyboard */ = {
			isa = PBXVariantGroup;
			children = (
				17C885AC1E03DCD400D74E89 /* Base */,
			);
			name = LaunchScreen.storyboard;
			sourceTree = "<group>";
		};
/* End PBXVariantGroup section */

/* Begin XCBuildConfiguration section */
		17C885AF1E03DCD400D74E89 /* Debug */ = {
			isa = XCBuildConfiguration;
			buildSettings = {
				ALWAYS_SEARCH_USER_PATHS = NO;
				CLANG_ANALYZER_NONNULL = YES;
				CLANG_CXX_LANGUAGE_STANDARD = "gnu++0x";
				CLANG_CXX_LIBRARY = "libc++";
				CLANG_ENABLE_MODULES = YES;
				CLANG_ENABLE_OBJC_ARC = YES;
				CLANG_WARN_BOOL_CONVERSION = YES;
				CLANG_WARN_CONSTANT_CONVERSION = YES;
				CLANG_WARN_DIRECT_OBJC_ISA_USAGE = YES_ERROR;
				CLANG_WARN_DOCUMENTATION_COMMENTS = YES;
				CLANG_WARN_EMPTY_BODY = YES;
				CLANG_WARN_ENUM_CONVERSION = YES;
				CLANG_WARN_INFINITE_RECURSION = YES;
				CLANG_WARN_INT_CONVERSION = YES;
				CLANG_WARN_OBJC_ROOT_CLASS = YES_ERROR;
				CLANG_WARN_SUSPICIOUS_MOVES = YES;
				CLANG_WARN_UNREACHABLE_CODE = YES;
				CLANG_WARN__DUPLICATE_METHOD_MATCH = YES;
				"CODE_SIGN_IDENTITY[sdk=iphoneos*]" = "iPhone Developer";
				COPY_PHASE_STRIP = NO;
				DEBUG_INFORMATION_FORMAT = dwarf;
				ENABLE_STRICT_OBJC_MSGSEND = YES;
				ENABLE_TESTABILITY = YES;
				GCC_C_LANGUAGE_STANDARD = gnu99;
				GCC_DYNAMIC_NO_PIC = NO;
				GCC_NO_COMMON_BLOCKS = YES;
				GCC_OPTIMIZATION_LEVEL = 0;
				GCC_PREPROCESSOR_DEFINITIONS = (
					"DEBUG=1",
					"$(inherited)",
				);
				GCC_WARN_64_TO_32_BIT_CONVERSION = YES;
				GCC_WARN_ABOUT_RETURN_TYPE = YES_ERROR;
				GCC_WARN_UNDECLARED_SELECTOR = YES;
				GCC_WARN_UNINITIALIZED_AUTOS = YES_AGGRESSIVE;
				GCC_WARN_UNUSED_FUNCTION = YES;
				GCC_WARN_UNUSED_VARIABLE = YES;
				IPHONEOS_DEPLOYMENT_TARGET = 9.0;
				MTL_ENABLE_DEBUG_INFO = YES;
				ONLY_ACTIVE_ARCH = YES;
				SDKROOT = iphoneos;
				SWIFT_ACTIVE_COMPILATION_CONDITIONS = DEBUG;
				SWIFT_OPTIMIZATION_LEVEL = "-Onone";
			};
			name = Debug;
		};
		17C885B01E03DCD400D74E89 /* Release */ = {
			isa = XCBuildConfiguration;
			buildSettings = {
				ALWAYS_SEARCH_USER_PATHS = NO;
				CLANG_ANALYZER_NONNULL = YES;
				CLANG_CXX_LANGUAGE_STANDARD = "gnu++0x";
				CLANG_CXX_LIBRARY = "libc++";
				CLANG_ENABLE_MODULES = YES;
				CLANG_ENABLE_OBJC_ARC = YES;
				CLANG_WARN_BOOL_CONVERSION = YES;
				CLANG_WARN_CONSTANT_CONVERSION = YES;
				CLANG_WARN_DIRECT_OBJC_ISA_USAGE = YES_ERROR;
				CLANG_WARN_DOCUMENTATION_COMMENTS = YES;
				CLANG_WARN_EMPTY_BODY = YES;
				CLANG_WARN_ENUM_CONVERSION = YES;
				CLANG_WARN_INFINITE_RECURSION = YES;
				CLANG_WARN_INT_CONVERSION = YES;
				CLANG_WARN_OBJC_ROOT_CLASS = YES_ERROR;
				CLANG_WARN_SUSPICIOUS_MOVES = YES;
				CLANG_WARN_UNREACHABLE_CODE = YES;
				CLANG_WARN__DUPLICATE_METHOD_MATCH = YES;
				"CODE_SIGN_IDENTITY[sdk=iphoneos*]" = "iPhone Developer";
				COPY_PHASE_STRIP = NO;
				DEBUG_INFORMATION_FORMAT = "dwarf-with-dsym";
				ENABLE_NS_ASSERTIONS = NO;
				ENABLE_STRICT_OBJC_MSGSEND = YES;
				GCC_C_LANGUAGE_STANDARD = gnu99;
				GCC_NO_COMMON_BLOCKS = YES;
				GCC_WARN_64_TO_32_BIT_CONVERSION = YES;
				GCC_WARN_ABOUT_RETURN_TYPE = YES_ERROR;
				GCC_WARN_UNDECLARED_SELECTOR = YES;
				GCC_WARN_UNINITIALIZED_AUTOS = YES_AGGRESSIVE;
				GCC_WARN_UNUSED_FUNCTION = YES;
				GCC_WARN_UNUSED_VARIABLE = YES;
				IPHONEOS_DEPLOYMENT_TARGET = 9.0;
				MTL_ENABLE_DEBUG_INFO = NO;
				SDKROOT = iphoneos;
				SWIFT_OPTIMIZATION_LEVEL = "-Owholemodule";
				VALIDATE_PRODUCT = YES;
			};
			name = Release;
		};
		17C885B21E03DCD400D74E89 /* Debug */ = {
			isa = XCBuildConfiguration;
			baseConfigurationReference = E1B1FA6577B95F6FDA9615E5 /* Pods-googleLoginSwift.debug.xcconfig */;
			buildSettings = {
				ASSETCATALOG_COMPILER_APPICON_NAME = AppIcon;
				INFOPLIST_FILE = googleLoginSwift/Info.plist;
				IPHONEOS_DEPLOYMENT_TARGET = 9.0;
				LD_RUNPATH_SEARCH_PATHS = "$(inherited) @executable_path/Frameworks";
				PRODUCT_BUNDLE_IDENTIFIER = com.demo.googleLoginSwift;
				PRODUCT_NAME = "$(TARGET_NAME)";
				SWIFT_VERSION = 3.0;
			};
			name = Debug;
		};
		17C885B31E03DCD400D74E89 /* Release */ = {
			isa = XCBuildConfiguration;
			baseConfigurationReference = 3C7375A4AD709A82D946ECB6 /* Pods-googleLoginSwift.release.xcconfig */;
			buildSettings = {
				ASSETCATALOG_COMPILER_APPICON_NAME = AppIcon;
				INFOPLIST_FILE = googleLoginSwift/Info.plist;
				IPHONEOS_DEPLOYMENT_TARGET = 9.0;
				LD_RUNPATH_SEARCH_PATHS = "$(inherited) @executable_path/Frameworks";
				PRODUCT_BUNDLE_IDENTIFIER = com.demo.googleLoginSwift;
				PRODUCT_NAME = "$(TARGET_NAME)";
				SWIFT_VERSION = 3.0;
			};
			name = Release;
		};
/* End XCBuildConfiguration section */

/* Begin XCConfigurationList section */
		17C8859A1E03DCD300D74E89 /* Build configuration list for PBXProject "googleLoginSwift" */ = {
			isa = XCConfigurationList;
			buildConfigurations = (
				17C885AF1E03DCD400D74E89 /* Debug */,
				17C885B01E03DCD400D74E89 /* Release */,
			);
			defaultConfigurationIsVisible = 0;
			defaultConfigurationName = Release;
		};
		17C885B11E03DCD400D74E89 /* Build configuration list for PBXNativeTarget "googleLoginSwift" */ = {
			isa = XCConfigurationList;
			buildConfigurations = (
				17C885B21E03DCD400D74E89 /* Debug */,
				17C885B31E03DCD400D74E89 /* Release */,
			);
			defaultConfigurationIsVisible = 0;
			defaultConfigurationName = Release;
		};
/* End XCConfigurationList section */
	};
	rootObject = 17C885971E03DCD300D74E89 /* Project object */;
}
